
Microsoft Visual Studio Solution File, Format Version 12.00
# Visual Studio Version 16
VisualStudioVersion = 16.0.32929.386
MinimumVisualStudioVersion = 10.0.40219.1
Project("{FAE04EC0-301F-11D3-BF4B-00C04F79EFBC}") = "Tech HW 4", "Tech HW 4\Tech HW 4.csproj", "{A30B3918-ABDE-4AED-95AA-FA709908068A}"
EndProject
Global
	GlobalSection(SolutionConfigurationPlatforms) = preSolution
		Debug|Any CPU = Debug|Any CPU
		Release|Any CPU = Release|Any CPU
	EndGlobalSection
	GlobalSection(ProjectConfigurationPlatforms) = postSolution
		{A30B3918-ABDE-4AED-95AA-FA709908068A}.Debug|Any CPU.ActiveCfg = Debug|Any CPU
		{A30B3918-ABDE-4AED-95AA-FA709908068A}.Debug|Any CPU.Build.0 = Debug|Any CPU
		{A30B3918-ABDE-4AED-95AA-FA709908068A}.Release|Any CPU.ActiveCfg = Release|Any CPU
		{A30B3918-ABDE-4AED-95AA-FA709908068A}.Release|Any CPU.Build.0 = Release|Any CPU
	EndGlobalSection
	GlobalSection(SolutionProperties) = preSolution
		HideSolutionNode = FALSE
	EndGlobalSection
	GlobalSection(ExtensibilityGlobals) = postSolution
		SolutionGuid = {0979D9B6-E71C-4BCA-9220-81F8D54E01B6}
	EndGlobalSection
EndGlobal
